<?xml version="1.0" encoding="utf-8"?>
<Project ToolsVersion="4.0" xmlns="http://schemas.microsoft.com/developer/msbuild/2003">
  <ItemGroup>
    <Filter Include="Source Files">
      <UniqueIdentifier>{4FC737F1-C7A5-4376-A066-2A32D752A2FF}</UniqueIdentifier>
      <Extensions>cpp;c;cc;cxx;c++;cppm;ixx;def;odl;idl;hpj;bat;asm;asmx</Extensions>
    </Filter>
    <Filter Include="Header Files">
      <UniqueIdentifier>{93995380-89BD-4b04-88EB-625FBE52EBFB}</UniqueIdentifier>
      <Extensions>h;hh;hpp;hxx;h++;hm;inl;inc;ipp;xsd</Extensions>
    </Filter>
    <Filter Include="Resource Files">
      <UniqueIdentifier>{67DA6AB6-F800-4c08-8B7A-83BB121AAD01}</UniqueIdentifier>
      <Extensions>rc;ico;cur;bmp;dlg;rc2;rct;bin;rgs;gif;jpg;jpeg;jpe;resx;tiff;tif;png;wav;mfcribbon-ms</Extensions>
    </Filter>
    <Filter Include="Header Files\gl">
      <UniqueIdentifier>{0caeb9a2-9188-40e4-8878-7357b4f21fc8}</UniqueIdentifier>
    </Filter>
    <Filter Include="Source Files\gl">
      <UniqueIdentifier>{6d63dc58-fb5c-4256-90db-eb6317bccf1d}</UniqueIdentifier>
    </Filter>
  </ItemGroup>
  <ItemGroup>
    <ClCompile Include="main.c">
      <Filter>Source Files</Filter>
    </ClCompile>
    <ClCompile Include="gl.c">
      <Filter>Source Files\gl</Filter>
    </ClCompile>
    <ClCompile Include="gl_math.c">
      <Filter>Source Files\gl</Filter>
    </ClCompile>
    <ClCompile Include="..\..\..\..\..\myLibraries\glad\src\glad.c">
      <Filter>Source Files</Filter>
    </ClCompile>
    <ClCompile Include="gl_helper.c">
      <Filter>Source Files\gl</Filter>
    </ClCompile>
    <ClCompile Include="gl_text.c">
      <Filter>Source Files\gl</Filter>
    </ClCompile>
    <ClCompile Include="game_camera.c">
      <Filter>Source Files</Filter>
    </ClCompile>
    <ClCompile Include="game_obj.c">
      <Filter>Source Files</Filter>
    </ClCompile>
    <ClCompile Include="game_cubes.c">
      <Filter>Source Files</Filter>
    </ClCompile>
    <ClCompile Include="game_player.c">
      <Filter>Source Files</Filter>
    </ClCompile>
  </ItemGroup>
  <ItemGroup>
    <ClInclude Include="gl.h">
      <Filter>Header Files\gl</Filter>
    </ClInclude>
    <ClInclude Include="gl_math.h">
      <Filter>Header Files\gl</Filter>
    </ClInclude>
    <ClInclude Include="gl_shaders.h">
      <Filter>Header Files\gl</Filter>
    </ClInclude>
    <ClInclude Include="gl_helper.h">
      <Filter>Header Files\gl</Filter>
    </ClInclude>
    <ClInclude Include="gl_text.h">
      <Filter>Header Files\gl</Filter>
    </ClInclude>
    <ClInclude Include="game_camera.h">
      <Filter>Header Files</Filter>
    </ClInclude>
    <ClInclude Include="game_obj.h">
      <Filter>Header Files</Filter>
    </ClInclude>
    <ClInclude Include="game_cubes.h">
      <Filter>Header Files</Filter>
    </ClInclude>
    <ClInclude Include="game_player.h">
      <Filter>Header Files</Filter>
    </ClInclude>
  </ItemGroup>
</Project>